
Microsoft Visual Studio Solution File, Format Version 12.00
# Visual Studio 15
VisualStudioVersion = 15.0.28307.1062
MinimumVisualStudioVersion = 10.0.40219.1
Project("{FAE04EC0-301F-11D3-BF4B-00C04F79EFBC}") = "appCoreOnLinux", "appCoreOnLinux\appCoreOnLinux.csproj", "{74C231EB-3BD5-490A-B34A-C57AFD78CBF4}"
EndProject
Global
	GlobalSection(SolutionConfigurationPlatforms) = preSolution
		Debug|Any CPU = Debug|Any CPU
		Release|Any CPU = Release|Any CPU
	EndGlobalSection
	GlobalSection(ProjectConfigurationPlatforms) = postSolution
		{74C231EB-3BD5-490A-B34A-C57AFD78CBF4}.Debug|Any CPU.ActiveCfg = Debug|Any CPU
		{74C231EB-3BD5-490A-B34A-C57AFD78CBF4}.Debug|Any CPU.Build.0 = Debug|Any CPU
		{74C231EB-3BD5-490A-B34A-C57AFD78CBF4}.Release|Any CPU.ActiveCfg = Release|Any CPU
		{74C231EB-3BD5-490A-B34A-C57AFD78CBF4}.Release|Any CPU.Build.0 = Release|Any CPU
	EndGlobalSection
	GlobalSection(SolutionProperties) = preSolution
		HideSolutionNode = FALSE
	EndGlobalSection
	GlobalSection(ExtensibilityGlobals) = postSolution
		SolutionGuid = {52FBEDE9-01C0-49C0-A50C-2614CB038E57}
	EndGlobalSection
EndGlobal
